
Microsoft Visual Studio Solution File, Format Version 12.00
# Visual Studio Version 17
VisualStudioVersion = 17.4.33403.182
MinimumVisualStudioVersion = 10.0.40219.1
Project("{FAE04EC0-301F-11D3-BF4B-00C04F79EFBC}") = "HomeWork", "HomeWork\HomeWork.csproj", "{EF9CE87E-3996-494C-A0CF-3E1609CD9736}"
EndProject
Global
	GlobalSection(SolutionConfigurationPlatforms) = preSolution
		Debug|Any CPU = Debug|Any CPU
		Release|Any CPU = Release|Any CPU
	EndGlobalSection
	GlobalSection(ProjectConfigurationPlatforms) = postSolution
		{EF9CE87E-3996-494C-A0CF-3E1609CD9736}.Debug|Any CPU.ActiveCfg = Debug|Any CPU
		{EF9CE87E-3996-494C-A0CF-3E1609CD9736}.Debug|Any CPU.Build.0 = Debug|Any CPU
		{EF9CE87E-3996-494C-A0CF-3E1609CD9736}.Release|Any CPU.ActiveCfg = Release|Any CPU
		{EF9CE87E-3996-494C-A0CF-3E1609CD9736}.Release|Any CPU.Build.0 = Release|Any CPU
	EndGlobalSection
	GlobalSection(SolutionProperties) = preSolution
		HideSolutionNode = FALSE
	EndGlobalSection
	GlobalSection(ExtensibilityGlobals) = postSolution
		SolutionGuid = {73AE1935-BC49-42B9-AC4D-EA4BD663FBA2}
	EndGlobalSection
EndGlobal
